
Microsoft Visual Studio Solution File, Format Version 12.00
# Visual Studio Version 17
VisualStudioVersion = 17.10.35013.160
MinimumVisualStudioVersion = 10.0.40219.1
Project("{FAE04EC0-301F-11D3-BF4B-00C04F79EFBC}") = "Exam_C#", "Exam_C#.csproj", "{0DADAFC0-8720-43D3-A347-1220ABD32AEE}"
EndProject
Global
	GlobalSection(SolutionConfigurationPlatforms) = preSolution
		Debug|Any CPU = Debug|Any CPU
		Release|Any CPU = Release|Any CPU
	EndGlobalSection
	GlobalSection(ProjectConfigurationPlatforms) = postSolution
		{0DADAFC0-8720-43D3-A347-1220ABD32AEE}.Debug|Any CPU.ActiveCfg = Debug|Any CPU
		{0DADAFC0-8720-43D3-A347-1220ABD32AEE}.Debug|Any CPU.Build.0 = Debug|Any CPU
		{0DADAFC0-8720-43D3-A347-1220ABD32AEE}.Release|Any CPU.ActiveCfg = Release|Any CPU
		{0DADAFC0-8720-43D3-A347-1220ABD32AEE}.Release|Any CPU.Build.0 = Release|Any CPU
	EndGlobalSection
	GlobalSection(SolutionProperties) = preSolution
		HideSolutionNode = FALSE
	EndGlobalSection
	GlobalSection(ExtensibilityGlobals) = postSolution
		SolutionGuid = {3B392FFB-4032-42E5-8418-687368BF09E4}
	EndGlobalSection
EndGlobal
